
Microsoft Visual Studio Solution File, Format Version 12.00
# Visual Studio Version 17
VisualStudioVersion = 17.5.33530.505
MinimumVisualStudioVersion = 10.0.40219.1
Project("{8BC9CEB8-8B4A-11D0-8D11-00A0C91BC942}") = "Lab_12", "Lab_12\Lab_12.vcxproj", "{A4DD7DCB-1347-4CD8-9342-282C285C6B20}"
EndProject
Project("{8BC9CEB8-8B4A-11D0-8D11-00A0C91BC942}") = "ConsoleApplication1", "ConsoleApplication1\ConsoleApplication1.vcxproj", "{BC6E7989-9F6F-49DF-9516-DB7B74BFE8C0}"
EndProject
Project("{FAE04EC0-301F-11D3-BF4B-00C04F79EFBC}") = "ConsoleApp1", "ConsoleApp1\ConsoleApp1.csproj", "{E8618421-C4E2-4CDF-869B-0585E8F2489A}"
EndProject
Global
	GlobalSection(SolutionConfigurationPlatforms) = preSolution
		Debug|Any CPU = Debug|Any CPU
		Debug|x64 = Debug|x64
		Debug|x86 = Debug|x86
		Release|Any CPU = Release|Any CPU
		Release|x64 = Release|x64
		Release|x86 = Release|x86
	EndGlobalSection
	GlobalSection(ProjectConfigurationPlatforms) = postSolution
		{A4DD7DCB-1347-4CD8-9342-282C285C6B20}.Debug|Any CPU.ActiveCfg = Debug|x64
		{A4DD7DCB-1347-4CD8-9342-282C285C6B20}.Debug|Any CPU.Build.0 = Debug|x64
		{A4DD7DCB-1347-4CD8-9342-282C285C6B20}.Debug|x64.ActiveCfg = Debug|x64
		{A4DD7DCB-1347-4CD8-9342-282C285C6B20}.Debug|x64.Build.0 = Debug|x64
		{A4DD7DCB-1347-4CD8-9342-282C285C6B20}.Debug|x86.ActiveCfg = Debug|Win32
		{A4DD7DCB-1347-4CD8-9342-282C285C6B20}.Debug|x86.Build.0 = Debug|Win32
		{A4DD7DCB-1347-4CD8-9342-282C285C6B20}.Release|Any CPU.ActiveCfg = Release|x64
		{A4DD7DCB-1347-4CD8-9342-282C285C6B20}.Release|Any CPU.Build.0 = Release|x64
		{A4DD7DCB-1347-4CD8-9342-282C285C6B20}.Release|x64.ActiveCfg = Release|x64
		{A4DD7DCB-1347-4CD8-9342-282C285C6B20}.Release|x64.Build.0 = Release|x64
		{A4DD7DCB-1347-4CD8-9342-282C285C6B20}.Release|x86.ActiveCfg = Release|Win32
		{A4DD7DCB-1347-4CD8-9342-282C285C6B20}.Release|x86.Build.0 = Release|Win32
		{BC6E7989-9F6F-49DF-9516-DB7B74BFE8C0}.Debug|Any CPU.ActiveCfg = Debug|x64
		{BC6E7989-9F6F-49DF-9516-DB7B74BFE8C0}.Debug|Any CPU.Build.0 = Debug|x64
		{BC6E7989-9F6F-49DF-9516-DB7B74BFE8C0}.Debug|x64.ActiveCfg = Debug|x64
		{BC6E7989-9F6F-49DF-9516-DB7B74BFE8C0}.Debug|x64.Build.0 = Debug|x64
		{BC6E7989-9F6F-49DF-9516-DB7B74BFE8C0}.Debug|x86.ActiveCfg = Debug|Win32
		{BC6E7989-9F6F-49DF-9516-DB7B74BFE8C0}.Debug|x86.Build.0 = Debug|Win32
		{BC6E7989-9F6F-49DF-9516-DB7B74BFE8C0}.Release|Any CPU.ActiveCfg = Release|x64
		{BC6E7989-9F6F-49DF-9516-DB7B74BFE8C0}.Release|Any CPU.Build.0 = Release|x64
		{BC6E7989-9F6F-49DF-9516-DB7B74BFE8C0}.Release|x64.ActiveCfg = Release|x64
		{BC6E7989-9F6F-49DF-9516-DB7B74BFE8C0}.Release|x64.Build.0 = Release|x64
		{BC6E7989-9F6F-49DF-9516-DB7B74BFE8C0}.Release|x86.ActiveCfg = Release|Win32
		{BC6E7989-9F6F-49DF-9516-DB7B74BFE8C0}.Release|x86.Build.0 = Release|Win32
		{E8618421-C4E2-4CDF-869B-0585E8F2489A}.Debug|Any CPU.ActiveCfg = Debug|Any CPU
		{E8618421-C4E2-4CDF-869B-0585E8F2489A}.Debug|Any CPU.Build.0 = Debug|Any CPU
		{E8618421-C4E2-4CDF-869B-0585E8F2489A}.Debug|x64.ActiveCfg = Debug|Any CPU
		{E8618421-C4E2-4CDF-869B-0585E8F2489A}.Debug|x64.Build.0 = Debug|Any CPU
		{E8618421-C4E2-4CDF-869B-0585E8F2489A}.Debug|x86.ActiveCfg = Debug|Any CPU
		{E8618421-C4E2-4CDF-869B-0585E8F2489A}.Debug|x86.Build.0 = Debug|Any CPU
		{E8618421-C4E2-4CDF-869B-0585E8F2489A}.Release|Any CPU.ActiveCfg = Release|Any CPU
		{E8618421-C4E2-4CDF-869B-0585E8F2489A}.Release|Any CPU.Build.0 = Release|Any CPU
		{E8618421-C4E2-4CDF-869B-0585E8F2489A}.Release|x64.ActiveCfg = Release|Any CPU
		{E8618421-C4E2-4CDF-869B-0585E8F2489A}.Release|x64.Build.0 = Release|Any CPU
		{E8618421-C4E2-4CDF-869B-0585E8F2489A}.Release|x86.ActiveCfg = Release|Any CPU
		{E8618421-C4E2-4CDF-869B-0585E8F2489A}.Release|x86.Build.0 = Release|Any CPU
	EndGlobalSection
	GlobalSection(SolutionProperties) = preSolution
		HideSolutionNode = FALSE
	EndGlobalSection
	GlobalSection(ExtensibilityGlobals) = postSolution
		SolutionGuid = {D0531F68-4499-464D-BE3F-74F1C89AF9B4}
	EndGlobalSection
EndGlobal
