
Microsoft Visual Studio Solution File, Format Version 12.00
# Visual Studio Version 17
VisualStudioVersion = 17.7.34031.279
MinimumVisualStudioVersion = 10.0.40219.1
Project("{FAE04EC0-301F-11D3-BF4B-00C04F79EFBC}") = "ConsoleApp3", "ConsoleApp3\ConsoleApp3.csproj", "{D6DB024E-1321-4F70-8375-D2E989AA336F}"
EndProject
Global
	GlobalSection(SolutionConfigurationPlatforms) = preSolution
		Debug|Any CPU = Debug|Any CPU
		Release|Any CPU = Release|Any CPU
	EndGlobalSection
	GlobalSection(ProjectConfigurationPlatforms) = postSolution
		{D6DB024E-1321-4F70-8375-D2E989AA336F}.Debug|Any CPU.ActiveCfg = Debug|Any CPU
		{D6DB024E-1321-4F70-8375-D2E989AA336F}.Debug|Any CPU.Build.0 = Debug|Any CPU
		{D6DB024E-1321-4F70-8375-D2E989AA336F}.Release|Any CPU.ActiveCfg = Release|Any CPU
		{D6DB024E-1321-4F70-8375-D2E989AA336F}.Release|Any CPU.Build.0 = Release|Any CPU
	EndGlobalSection
	GlobalSection(SolutionProperties) = preSolution
		HideSolutionNode = FALSE
	EndGlobalSection
	GlobalSection(ExtensibilityGlobals) = postSolution
		SolutionGuid = {A6911D12-3693-4C64-8F58-B54EC97C9C6C}
	EndGlobalSection
EndGlobal
