
Microsoft Visual Studio Solution File, Format Version 12.00
# Visual Studio Version 17
VisualStudioVersion = 17.7.34202.233
MinimumVisualStudioVersion = 10.0.40219.1
Project("{FAE04EC0-301F-11D3-BF4B-00C04F79EFBC}") = "TestRazorLib", "TestRazorLib\TestRazorLib.csproj", "{96B0317B-45C8-4EB3-9EAA-A11B603F7B31}"
EndProject
Project("{FAE04EC0-301F-11D3-BF4B-00C04F79EFBC}") = "TestBlazorMobile", "TestBlazorMobile\TestBlazorMobile.csproj", "{29A24290-8AB7-475E-8151-F0F7311B3AC5}"
EndProject
Project("{FAE04EC0-301F-11D3-BF4B-00C04F79EFBC}") = "TestBlazorWeb", "TestBlazorWeb\TestBlazorWeb.csproj", "{D7BFA928-B5D8-448A-83AC-050E4A4D0243}"
EndProject
Global
	GlobalSection(SolutionConfigurationPlatforms) = preSolution
		Debug|Any CPU = Debug|Any CPU
		Release|Any CPU = Release|Any CPU
	EndGlobalSection
	GlobalSection(ProjectConfigurationPlatforms) = postSolution
		{96B0317B-45C8-4EB3-9EAA-A11B603F7B31}.Debug|Any CPU.ActiveCfg = Debug|Any CPU
		{96B0317B-45C8-4EB3-9EAA-A11B603F7B31}.Debug|Any CPU.Build.0 = Debug|Any CPU
		{96B0317B-45C8-4EB3-9EAA-A11B603F7B31}.Release|Any CPU.ActiveCfg = Release|Any CPU
		{96B0317B-45C8-4EB3-9EAA-A11B603F7B31}.Release|Any CPU.Build.0 = Release|Any CPU
		{29A24290-8AB7-475E-8151-F0F7311B3AC5}.Debug|Any CPU.ActiveCfg = Debug|Any CPU
		{29A24290-8AB7-475E-8151-F0F7311B3AC5}.Debug|Any CPU.Build.0 = Debug|Any CPU
		{29A24290-8AB7-475E-8151-F0F7311B3AC5}.Debug|Any CPU.Deploy.0 = Debug|Any CPU
		{29A24290-8AB7-475E-8151-F0F7311B3AC5}.Release|Any CPU.ActiveCfg = Release|Any CPU
		{29A24290-8AB7-475E-8151-F0F7311B3AC5}.Release|Any CPU.Build.0 = Release|Any CPU
		{29A24290-8AB7-475E-8151-F0F7311B3AC5}.Release|Any CPU.Deploy.0 = Release|Any CPU
		{D7BFA928-B5D8-448A-83AC-050E4A4D0243}.Debug|Any CPU.ActiveCfg = Debug|Any CPU
		{D7BFA928-B5D8-448A-83AC-050E4A4D0243}.Debug|Any CPU.Build.0 = Debug|Any CPU
		{D7BFA928-B5D8-448A-83AC-050E4A4D0243}.Release|Any CPU.ActiveCfg = Release|Any CPU
		{D7BFA928-B5D8-448A-83AC-050E4A4D0243}.Release|Any CPU.Build.0 = Release|Any CPU
	EndGlobalSection
	GlobalSection(SolutionProperties) = preSolution
		HideSolutionNode = FALSE
	EndGlobalSection
	GlobalSection(ExtensibilityGlobals) = postSolution
		SolutionGuid = {D9379C1B-4C19-4D33-8BD9-7209E205DE17}
	EndGlobalSection
EndGlobal
